
Microsoft Visual Studio Solution File, Format Version 12.00
# Visual Studio Version 17
VisualStudioVersion = 17.8.34525.116
MinimumVisualStudioVersion = 10.0.40219.1
Project("{9A19103F-16F7-4668-BE54-9A1E7A4F7556}") = "Justin_Smith_Unit3_IT481", "Justin_Smith_Unit3_IT481.csproj", "{60099B76-E66E-470D-8BF9-4D177224774C}"
EndProject
Global
	GlobalSection(SolutionConfigurationPlatforms) = preSolution
		Debug|Any CPU = Debug|Any CPU
		Release|Any CPU = Release|Any CPU
	EndGlobalSection
	GlobalSection(ProjectConfigurationPlatforms) = postSolution
		{60099B76-E66E-470D-8BF9-4D177224774C}.Debug|Any CPU.ActiveCfg = Debug|Any CPU
		{60099B76-E66E-470D-8BF9-4D177224774C}.Debug|Any CPU.Build.0 = Debug|Any CPU
		{60099B76-E66E-470D-8BF9-4D177224774C}.Release|Any CPU.ActiveCfg = Release|Any CPU
		{60099B76-E66E-470D-8BF9-4D177224774C}.Release|Any CPU.Build.0 = Release|Any CPU
	EndGlobalSection
	GlobalSection(SolutionProperties) = preSolution
		HideSolutionNode = FALSE
	EndGlobalSection
	GlobalSection(ExtensibilityGlobals) = postSolution
		SolutionGuid = {2E967E3B-A319-4B73-9366-8BDFA0FCBFFA}
	EndGlobalSection
EndGlobal
